%{
  "connection": {:hex, :connection, "1.0.4", "a1cae72211f0eef17705aaededacac3eb30e6625b04a6117c1b2db6ace7d5976", [:mix], [], "hexpm"},
  "db_connection": {:hex, :db_connection, "2.2.1", "caee17725495f5129cb7faebde001dc4406796f12a62b8949f4ac69315080566", [:mix], [{:connection, "~> 1.0.2", [hex: :connection, repo: "hexpm", optional: false]}], "hexpm"},
  "decimal": {:hex, :decimal, "1.8.1", "a4ef3f5f3428bdbc0d35374029ffcf4ede8533536fa79896dd450168d9acdf3c", [:mix], [], "hexpm"},
  "ecto": {:hex, :ecto, "3.1.7", "fa21d06ef56cdc2fdaa62574e8c3ba34a2751d44ea34c30bc65f0728421043e5", [:mix], [{:decimal, "~> 1.6", [hex: :decimal, repo: "hexpm", optional: false]}, {:jason, "~> 1.0", [hex: :jason, repo: "hexpm", optional: true]}], "hexpm"},
  "ecto_sql": {:hex, :ecto_sql, "3.1.6", "1e80e30d16138a729c717f73dcb938590bcdb3a4502f3012414d0cbb261045d8", [:mix], [{:db_connection, "~> 2.0", [hex: :db_connection, repo: "hexpm", optional: false]}, {:ecto, "~> 3.1.0", [hex: :ecto, repo: "hexpm", optional: false]}, {:mariaex, "~> 0.9.1", [hex: :mariaex, repo: "hexpm", optional: true]}, {:myxql, "~> 0.2.0", [hex: :myxql, repo: "hexpm", optional: true]}, {:postgrex, "~> 0.14.0 or ~> 0.15.0", [hex: :postgrex, repo: "hexpm", optional: true]}, {:telemetry, "~> 0.4.0", [hex: :telemetry, repo: "hexpm", optional: false]}], "hexpm"},
  "postgrex": {:hex, :postgrex, "0.14.3", "5754dee2fdf6e9e508cbf49ab138df964278700b764177e8f3871e658b345a1e", [:mix], [{:connection, "~> 1.0", [hex: :connection, repo: "hexpm", optional: false]}, {:db_connection, "~> 2.0", [hex: :db_connection, repo: "hexpm", optional: false]}, {:decimal, "~> 1.5", [hex: :decimal, repo: "hexpm", optional: false]}, {:jason, "~> 1.0", [hex: :jason, repo: "hexpm", optional: true]}], "hexpm"},
  "telemetry": {:hex, :telemetry, "0.4.1", "ae2718484892448a24470e6aa341bc847c3277bfb8d4e9289f7474d752c09c7f", [:rebar3], [], "hexpm"},
}
